
Microsoft Visual Studio Solution File, Format Version 12.00
# Visual Studio 15
VisualStudioVersion = 15.0.27130.2010
MinimumVisualStudioVersion = 10.0.40219.1
Project("{2150E333-8FDC-42A3-9474-1A3956D46DE8}") = "src", "src", "{4FFF6AF5-8971-4EE1-BBD0-034584A83089}"
EndProject
Project("{FAE04EC0-301F-11D3-BF4B-00C04F79EFBC}") = "Liuliu.CodeCracker", "src\Liuliu.CodeCracker\Liuliu.CodeCracker.csproj", "{86F9005B-2245-4C27-ADE8-DF3F836824FD}"
EndProject
Global
	GlobalSection(SolutionConfigurationPlatforms) = preSolution
		Debug|Any CPU = Debug|Any CPU
		Release|Any CPU = Release|Any CPU
	EndGlobalSection
	GlobalSection(ProjectConfigurationPlatforms) = postSolution
		{86F9005B-2245-4C27-ADE8-DF3F836824FD}.Debug|Any CPU.ActiveCfg = Debug|Any CPU
		{86F9005B-2245-4C27-ADE8-DF3F836824FD}.Debug|Any CPU.Build.0 = Debug|Any CPU
		{86F9005B-2245-4C27-ADE8-DF3F836824FD}.Release|Any CPU.ActiveCfg = Release|Any CPU
		{86F9005B-2245-4C27-ADE8-DF3F836824FD}.Release|Any CPU.Build.0 = Release|Any CPU
	EndGlobalSection
	GlobalSection(SolutionProperties) = preSolution
		HideSolutionNode = FALSE
	EndGlobalSection
	GlobalSection(NestedProjects) = preSolution
		{86F9005B-2245-4C27-ADE8-DF3F836824FD} = {4FFF6AF5-8971-4EE1-BBD0-034584A83089}
	EndGlobalSection
	GlobalSection(ExtensibilityGlobals) = postSolution
		SolutionGuid = {C95F209D-869A-45A5-9203-7303C505C0D4}
	EndGlobalSection
EndGlobal
